
Microsoft Visual Studio Solution File, Format Version 12.00
# Visual Studio Version 17
VisualStudioVersion = 17.5.33530.505
MinimumVisualStudioVersion = 10.0.40219.1
Project("{8BC9CEB8-8B4A-11D0-8D11-00A0C91BC942}") = "View", "View\View.vcxproj", "{5034936E-5358-487E-A681-AC56CABAF553}"
	ProjectSection(ProjectDependencies) = postProject
		{1128C8BE-89E9-4C3D-9C55-9089653BED03} = {1128C8BE-89E9-4C3D-9C55-9089653BED03}
		{6650D393-33DF-43EF-B41C-01F1B2D77381} = {6650D393-33DF-43EF-B41C-01F1B2D77381}
		{D1C01B77-22BB-4A7D-8A35-A47F6877852B} = {D1C01B77-22BB-4A7D-8A35-A47F6877852B}
	EndProjectSection
EndProject
Project("{8BC9CEB8-8B4A-11D0-8D11-00A0C91BC942}") = "Model", "Model\Model.vcxproj", "{1128C8BE-89E9-4C3D-9C55-9089653BED03}"
	ProjectSection(ProjectDependencies) = postProject
		{6650D393-33DF-43EF-B41C-01F1B2D77381} = {6650D393-33DF-43EF-B41C-01F1B2D77381}
	EndProjectSection
EndProject
Project("{8BC9CEB8-8B4A-11D0-8D11-00A0C91BC942}") = "Controller", "Controller\Controller.vcxproj", "{D1C01B77-22BB-4A7D-8A35-A47F6877852B}"
	ProjectSection(ProjectDependencies) = postProject
		{1128C8BE-89E9-4C3D-9C55-9089653BED03} = {1128C8BE-89E9-4C3D-9C55-9089653BED03}
		{6650D393-33DF-43EF-B41C-01F1B2D77381} = {6650D393-33DF-43EF-B41C-01F1B2D77381}
	EndProjectSection
EndProject
Project("{8BC9CEB8-8B4A-11D0-8D11-00A0C91BC942}") = "Core", "Core\Core.vcxproj", "{6650D393-33DF-43EF-B41C-01F1B2D77381}"
EndProject
Project("{8BC9CEB8-8B4A-11D0-8D11-00A0C91BC942}") = "NamedPipeCheck", "NamedPipeCheck\NamedPipeCheck.vcxproj", "{CC031367-8ACE-446A-A749-94486A84EC5B}"
EndProject
Global
	GlobalSection(SolutionConfigurationPlatforms) = preSolution
		Debug|x64 = Debug|x64
		Debug|x86 = Debug|x86
		Release|x64 = Release|x64
		Release|x86 = Release|x86
	EndGlobalSection
	GlobalSection(ProjectConfigurationPlatforms) = postSolution
		{5034936E-5358-487E-A681-AC56CABAF553}.Debug|x64.ActiveCfg = Debug|x64
		{5034936E-5358-487E-A681-AC56CABAF553}.Debug|x64.Build.0 = Debug|x64
		{5034936E-5358-487E-A681-AC56CABAF553}.Debug|x86.ActiveCfg = Debug|Win32
		{5034936E-5358-487E-A681-AC56CABAF553}.Debug|x86.Build.0 = Debug|Win32
		{5034936E-5358-487E-A681-AC56CABAF553}.Release|x64.ActiveCfg = Release|x64
		{5034936E-5358-487E-A681-AC56CABAF553}.Release|x64.Build.0 = Release|x64
		{5034936E-5358-487E-A681-AC56CABAF553}.Release|x86.ActiveCfg = Release|Win32
		{5034936E-5358-487E-A681-AC56CABAF553}.Release|x86.Build.0 = Release|Win32
		{1128C8BE-89E9-4C3D-9C55-9089653BED03}.Debug|x64.ActiveCfg = Debug|x64
		{1128C8BE-89E9-4C3D-9C55-9089653BED03}.Debug|x64.Build.0 = Debug|x64
		{1128C8BE-89E9-4C3D-9C55-9089653BED03}.Debug|x86.ActiveCfg = Debug|Win32
		{1128C8BE-89E9-4C3D-9C55-9089653BED03}.Debug|x86.Build.0 = Debug|Win32
		{1128C8BE-89E9-4C3D-9C55-9089653BED03}.Release|x64.ActiveCfg = Release|x64
		{1128C8BE-89E9-4C3D-9C55-9089653BED03}.Release|x64.Build.0 = Release|x64
		{1128C8BE-89E9-4C3D-9C55-9089653BED03}.Release|x86.ActiveCfg = Release|Win32
		{1128C8BE-89E9-4C3D-9C55-9089653BED03}.Release|x86.Build.0 = Release|Win32
		{D1C01B77-22BB-4A7D-8A35-A47F6877852B}.Debug|x64.ActiveCfg = Debug|x64
		{D1C01B77-22BB-4A7D-8A35-A47F6877852B}.Debug|x64.Build.0 = Debug|x64
		{D1C01B77-22BB-4A7D-8A35-A47F6877852B}.Debug|x86.ActiveCfg = Debug|Win32
		{D1C01B77-22BB-4A7D-8A35-A47F6877852B}.Debug|x86.Build.0 = Debug|Win32
		{D1C01B77-22BB-4A7D-8A35-A47F6877852B}.Release|x64.ActiveCfg = Release|x64
		{D1C01B77-22BB-4A7D-8A35-A47F6877852B}.Release|x64.Build.0 = Release|x64
		{D1C01B77-22BB-4A7D-8A35-A47F6877852B}.Release|x86.ActiveCfg = Release|Win32
		{D1C01B77-22BB-4A7D-8A35-A47F6877852B}.Release|x86.Build.0 = Release|Win32
		{6650D393-33DF-43EF-B41C-01F1B2D77381}.Debug|x64.ActiveCfg = Debug|x64
		{6650D393-33DF-43EF-B41C-01F1B2D77381}.Debug|x64.Build.0 = Debug|x64
		{6650D393-33DF-43EF-B41C-01F1B2D77381}.Debug|x86.ActiveCfg = Debug|Win32
		{6650D393-33DF-43EF-B41C-01F1B2D77381}.Debug|x86.Build.0 = Debug|Win32
		{6650D393-33DF-43EF-B41C-01F1B2D77381}.Release|x64.ActiveCfg = Release|x64
		{6650D393-33DF-43EF-B41C-01F1B2D77381}.Release|x64.Build.0 = Release|x64
		{6650D393-33DF-43EF-B41C-01F1B2D77381}.Release|x86.ActiveCfg = Release|Win32
		{6650D393-33DF-43EF-B41C-01F1B2D77381}.Release|x86.Build.0 = Release|Win32
		{CC031367-8ACE-446A-A749-94486A84EC5B}.Debug|x64.ActiveCfg = Debug|x64
		{CC031367-8ACE-446A-A749-94486A84EC5B}.Debug|x64.Build.0 = Debug|x64
		{CC031367-8ACE-446A-A749-94486A84EC5B}.Debug|x86.ActiveCfg = Debug|Win32
		{CC031367-8ACE-446A-A749-94486A84EC5B}.Debug|x86.Build.0 = Debug|Win32
		{CC031367-8ACE-446A-A749-94486A84EC5B}.Release|x64.ActiveCfg = Release|x64
		{CC031367-8ACE-446A-A749-94486A84EC5B}.Release|x64.Build.0 = Release|x64
		{CC031367-8ACE-446A-A749-94486A84EC5B}.Release|x86.ActiveCfg = Release|Win32
		{CC031367-8ACE-446A-A749-94486A84EC5B}.Release|x86.Build.0 = Release|Win32
	EndGlobalSection
	GlobalSection(SolutionProperties) = preSolution
		HideSolutionNode = FALSE
	EndGlobalSection
	GlobalSection(ExtensibilityGlobals) = postSolution
		SolutionGuid = {EE2B5846-1153-4ABB-BDAF-8F38E8EF49A5}
	EndGlobalSection
EndGlobal
